# This file was autogenerated by Stack.
# You should not edit this file by hand.
# For more information, please see the documentation at:
#   https://docs.haskellstack.org/en/stable/lock_files

packages:
- completed:
    hackage: annotated-exception-0.2.0.0@sha256:f12cc797f10bf4bf214c8bcbf6db94bd5985a84677e9cd8e067539efa1934d7f,1738
    pantry-tree:
      sha256: 669f0b5dcc55f69be029a0cea8547870210d38742c0b2efac0d968edbdd0fa37
      size: 687
  original:
    hackage: annotated-exception-0.2.0.0
- completed:
    hackage: base64-0.4.2.4@sha256:82af79b6e72dd3e1891cb6cd698bc466331261295a0feb6ef019cc6e4b1383d1,2862
    pantry-tree:
      sha256: d0954c5c1828c7ec16ee3ecc9f66109eecc57777601c464d887c97b6e4fd0fff
      size: 2116
  original:
    hackage: base64-0.4.2.4
- completed:
    hackage: crypton-0.33@sha256:5e92f29b9b7104d91fcdda1dec9400c9ad1f1791c231cc41ceebd783fb517dee,18202
    pantry-tree:
      sha256: 38809499d7f9775ef45cd29ab5c3dc9b283a813f34c1cdc56681b24f8cf8bb4f
      size: 23148
  original:
    hackage: crypton-0.33
- completed:
    hackage: persistent-2.14.1.0@sha256:a67665ee28cfb77d29b0d10b65fb05a5dd1475be86e7f40d4c04a952b4a1639e,7286
    pantry-tree:
      sha256: a4c1ac2a3555224b0377025da5b4f720f1f03718fc7950f79fc15b37efb422f9
      size: 6511
  original:
    hackage: persistent-2.14.1.0
snapshots:
- completed:
    sha256: 5a59b2a405b3aba3c00188453be172b85893cab8ebc352b1ef58b0eae5d248a2
    size: 650475
    url: https://raw.githubusercontent.com/commercialhaskell/stackage-snapshots/master/lts/20/26.yaml
  original: lts-20.26
